
Microsoft Visual Studio Solution File, Format Version 12.00
# Visual Studio Version 17
VisualStudioVersion = 17.0.32014.148
MinimumVisualStudioVersion = 10.0.40219.1
Project("{FAE04EC0-301F-11D3-BF4B-00C04F79EFBC}") = "ConvertFeettoCentimeters", "ConvertFeettoCentimeters.csproj", "{87C3BF0F-9BF4-403F-B365-BC1E2DD21032}"
EndProject
Global
	GlobalSection(SolutionConfigurationPlatforms) = preSolution
		Debug|Any CPU = Debug|Any CPU
		Release|Any CPU = Release|Any CPU
	EndGlobalSection
	GlobalSection(ProjectConfigurationPlatforms) = postSolution
		{87C3BF0F-9BF4-403F-B365-BC1E2DD21032}.Debug|Any CPU.ActiveCfg = Debug|Any CPU
		{87C3BF0F-9BF4-403F-B365-BC1E2DD21032}.Debug|Any CPU.Build.0 = Debug|Any CPU
		{87C3BF0F-9BF4-403F-B365-BC1E2DD21032}.Release|Any CPU.ActiveCfg = Release|Any CPU
		{87C3BF0F-9BF4-403F-B365-BC1E2DD21032}.Release|Any CPU.Build.0 = Release|Any CPU
	EndGlobalSection
	GlobalSection(SolutionProperties) = preSolution
		HideSolutionNode = FALSE
	EndGlobalSection
	GlobalSection(ExtensibilityGlobals) = postSolution
		SolutionGuid = {3624F953-16C3-4365-84CE-3152EB4F2DCD}
	EndGlobalSection
EndGlobal
